// !$*UTF8*$!
{
	archiveVersion = 1;
	classes = {
	};
	objectVersion = 50;
	objects = {

/* Begin PBXBuildFile section */
		1844F88E28255A880009EB61 /* Constants.swift in Sources */ = {isa = PBXBuildFile; fileRef = 1844F88D28255A880009EB61 /* Constants.swift */; };
		1844F89028255B2B0009EB61 /* API.swift in Sources */ = {isa = PBXBuildFile; fileRef = 1844F88F28255B2B0009EB61 /* API.swift */; };
		1844F89228255B740009EB61 /* APIRequirement.swift in Sources */ = {isa = PBXBuildFile; fileRef = 1844F89128255B740009EB61 /* APIRequirement.swift */; };
		1844F894282560210009EB61 /* APIService.swift in Sources */ = {isa = PBXBuildFile; fileRef = 1844F893282560210009EB61 /* APIService.swift */; };
		1844F8962825609A0009EB61 /* WeatherModel.swift in Sources */ = {isa = PBXBuildFile; fileRef = 1844F8952825609A0009EB61 /* WeatherModel.swift */; };
		1851ECB2282554DA009A43CB /* AppDelegate.swift in Sources */ = {isa = PBXBuildFile; fileRef = 1851ECB1282554DA009A43CB /* AppDelegate.swift */; };
		1851ECB6282554DB009A43CB /* ViewController.swift in Sources */ = {isa = PBXBuildFile; fileRef = 1851ECB5282554DA009A43CB /* ViewController.swift */; };
		1851ECB9282554DB009A43CB /* Main.storyboard in Resources */ = {isa = PBXBuildFile; fileRef = 1851ECB7282554DB009A43CB /* Main.storyboard */; };
		1851ECBE282554DF009A43CB /* Assets.xcassets in Resources */ = {isa = PBXBuildFile; fileRef = 1851ECBD282554DF009A43CB /* Assets.xcassets */; };
		1851ECC1282554DF009A43CB /* LaunchScreen.storyboard in Resources */ = {isa = PBXBuildFile; fileRef = 1851ECBF282554DF009A43CB /* LaunchScreen.storyboard */; };
		1851ECD02825559A009A43CB /* CoreDataStack.swift in Sources */ = {isa = PBXBuildFile; fileRef = 1851ECCF2825559A009A43CB /* CoreDataStack.swift */; };
		18DBF9B42825686B000BA475 /* WeatherViewModel.swift in Sources */ = {isa = PBXBuildFile; fileRef = 18DBF9B32825686B000BA475 /* WeatherViewModel.swift */; };
		18DBF9B628256A23000BA475 /* UIViewControllerExtension.swift in Sources */ = {isa = PBXBuildFile; fileRef = 18DBF9B528256A23000BA475 /* UIViewControllerExtension.swift */; };
		18DBF9B8282572A1000BA475 /* DetailViewController.swift in Sources */ = {isa = PBXBuildFile; fileRef = 18DBF9B7282572A1000BA475 /* DetailViewController.swift */; };
		A3348B7028258BE0003F30A8 /* WeaterApp.xcdatamodeld in Sources */ = {isa = PBXBuildFile; fileRef = A3348B6E28258BE0003F30A8 /* WeaterApp.xcdatamodeld */; };
		A3E448A6282595DC00AD060D /* WeatherCoreData+CoreDataClass.swift in Sources */ = {isa = PBXBuildFile; fileRef = A3E448A4282595DC00AD060D /* WeatherCoreData+CoreDataClass.swift */; };
		A3E448A7282595DC00AD060D /* WeatherCoreData+CoreDataProperties.swift in Sources */ = {isa = PBXBuildFile; fileRef = A3E448A5282595DC00AD060D /* WeatherCoreData+CoreDataProperties.swift */; };
		A3E448A92825A13C00AD060D /* DetailViewController+TableView.swift in Sources */ = {isa = PBXBuildFile; fileRef = A3E448A82825A13C00AD060D /* DetailViewController+TableView.swift */; };
/* End PBXBuildFile section */

/* Begin PBXFileReference section */
		1844F88D28255A880009EB61 /* Constants.swift */ = {isa = PBXFileReference; lastKnownFileType = sourcecode.swift; path = Constants.swift; sourceTree = "<group>"; };
		1844F88F28255B2B0009EB61 /* API.swift */ = {isa = PBXFileReference; lastKnownFileType = sourcecode.swift; path = API.swift; sourceTree = "<group>"; };
		1844F89128255B740009EB61 /* APIRequirement.swift */ = {isa = PBXFileReference; lastKnownFileType = sourcecode.swift; path = APIRequirement.swift; sourceTree = "<group>"; };
		1844F893282560210009EB61 /* APIService.swift */ = {isa = PBXFileReference; lastKnownFileType = sourcecode.swift; path = APIService.swift; sourceTree = "<group>"; };
		1844F8952825609A0009EB61 /* WeatherModel.swift */ = {isa = PBXFileReference; lastKnownFileType = sourcecode.swift; path = WeatherModel.swift; sourceTree = "<group>"; };
		1851ECAE282554DA009A43CB /* WeaterApp.app */ = {isa = PBXFileReference; explicitFileType = wrapper.application; includeInIndex = 0; path = WeaterApp.app; sourceTree = BUILT_PRODUCTS_DIR; };
		1851ECB1282554DA009A43CB /* AppDelegate.swift */ = {isa = PBXFileReference; lastKnownFileType = sourcecode.swift; path = AppDelegate.swift; sourceTree = "<group>"; };
		1851ECB5282554DA009A43CB /* ViewController.swift */ = {isa = PBXFileReference; lastKnownFileType = sourcecode.swift; path = ViewController.swift; sourceTree = "<group>"; };
		1851ECB8282554DB009A43CB /* Base */ = {isa = PBXFileReference; lastKnownFileType = file.storyboard; name = Base; path = Base.lproj/Main.storyboard; sourceTree = "<group>"; };
		1851ECBD282554DF009A43CB /* Assets.xcassets */ = {isa = PBXFileReference; lastKnownFileType = folder.assetcatalog; path = Assets.xcassets; sourceTree = "<group>"; };
		1851ECC0282554DF009A43CB /* Base */ = {isa = PBXFileReference; lastKnownFileType = file.storyboard; name = Base; path = Base.lproj/LaunchScreen.storyboard; sourceTree = "<group>"; };
		1851ECC2282554DF009A43CB /* Info.plist */ = {isa = PBXFileReference; lastKnownFileType = text.plist.xml; path = Info.plist; sourceTree = "<group>"; };
		1851ECCF2825559A009A43CB /* CoreDataStack.swift */ = {isa = PBXFileReference; lastKnownFileType = sourcecode.swift; path = CoreDataStack.swift; sourceTree = "<group>"; };
		18DBF9B32825686B000BA475 /* WeatherViewModel.swift */ = {isa = PBXFileReference; lastKnownFileType = sourcecode.swift; path = WeatherViewModel.swift; sourceTree = "<group>"; };
		18DBF9B528256A23000BA475 /* UIViewControllerExtension.swift */ = {isa = PBXFileReference; lastKnownFileType = sourcecode.swift; path = UIViewControllerExtension.swift; sourceTree = "<group>"; };
		18DBF9B7282572A1000BA475 /* DetailViewController.swift */ = {isa = PBXFileReference; lastKnownFileType = sourcecode.swift; path = DetailViewController.swift; sourceTree = "<group>"; };
		A3348B6F28258BE0003F30A8 /* WeaterApp.xcdatamodel */ = {isa = PBXFileReference; lastKnownFileType = wrapper.xcdatamodel; path = WeaterApp.xcdatamodel; sourceTree = "<group>"; };
		A3E448A4282595DC00AD060D /* WeatherCoreData+CoreDataClass.swift */ = {isa = PBXFileReference; lastKnownFileType = sourcecode.swift; path = "WeatherCoreData+CoreDataClass.swift"; sourceTree = SOURCE_ROOT; };
		A3E448A5282595DC00AD060D /* WeatherCoreData+CoreDataProperties.swift */ = {isa = PBXFileReference; lastKnownFileType = sourcecode.swift; path = "WeatherCoreData+CoreDataProperties.swift"; sourceTree = SOURCE_ROOT; };
		A3E448A82825A13C00AD060D /* DetailViewController+TableView.swift */ = {isa = PBXFileReference; lastKnownFileType = sourcecode.swift; path = "DetailViewController+TableView.swift"; sourceTree = "<group>"; };
/* End PBXFileReference section */

/* Begin PBXFrameworksBuildPhase section */
		1851ECAB282554DA009A43CB /* Frameworks */ = {
			isa = PBXFrameworksBuildPhase;
			buildActionMask = 2147483647;
			files = (
			);
			runOnlyForDeploymentPostprocessing = 0;
		};
/* End PBXFrameworksBuildPhase section */

/* Begin PBXGroup section */
		1851ECA5282554DA009A43CB = {
			isa = PBXGroup;
			children = (
				1851ECB0282554DA009A43CB /* WeaterApp */,
				1851ECAF282554DA009A43CB /* Products */,
			);
			sourceTree = "<group>";
		};
		1851ECAF282554DA009A43CB /* Products */ = {
			isa = PBXGroup;
			children = (
				1851ECAE282554DA009A43CB /* WeaterApp.app */,
			);
			name = Products;
			sourceTree = "<group>";
		};
		1851ECB0282554DA009A43CB /* WeaterApp */ = {
			isa = PBXGroup;
			children = (
				1851ECC82825551A009A43CB /* Managers */,
				1851ECCD28255550009A43CB /* Network */,
				1851ECCE2825555C009A43CB /* CoreDataStack */,
				1851ECCB28255538009A43CB /* Model */,
				1851ECCA2825552F009A43CB /* ViewModel */,
				1851ECC928255527009A43CB /* View */,
				1851ECB1282554DA009A43CB /* AppDelegate.swift */,
				1851ECB7282554DB009A43CB /* Main.storyboard */,
				1851ECBD282554DF009A43CB /* Assets.xcassets */,
				1851ECBF282554DF009A43CB /* LaunchScreen.storyboard */,
				1851ECC2282554DF009A43CB /* Info.plist */,
			);
			path = WeaterApp;
			sourceTree = "<group>";
		};
		1851ECC82825551A009A43CB /* Managers */ = {
			isa = PBXGroup;
			children = (
				1844F88D28255A880009EB61 /* Constants.swift */,
				18DBF9B528256A23000BA475 /* UIViewControllerExtension.swift */,
			);
			path = Managers;
			sourceTree = "<group>";
		};
		1851ECC928255527009A43CB /* View */ = {
			isa = PBXGroup;
			children = (
				1851ECB5282554DA009A43CB /* ViewController.swift */,
				18DBF9B7282572A1000BA475 /* DetailViewController.swift */,
				A3E448A82825A13C00AD060D /* DetailViewController+TableView.swift */,
			);
			path = View;
			sourceTree = "<group>";
		};
		1851ECCA2825552F009A43CB /* ViewModel */ = {
			isa = PBXGroup;
			children = (
				18DBF9B32825686B000BA475 /* WeatherViewModel.swift */,
			);
			path = ViewModel;
			sourceTree = "<group>";
		};
		1851ECCB28255538009A43CB /* Model */ = {
			isa = PBXGroup;
			children = (
				1844F8952825609A0009EB61 /* WeatherModel.swift */,
			);
			path = Model;
			sourceTree = "<group>";
		};
		1851ECCD28255550009A43CB /* Network */ = {
			isa = PBXGroup;
			children = (
				1844F88F28255B2B0009EB61 /* API.swift */,
				1844F89128255B740009EB61 /* APIRequirement.swift */,
				1844F893282560210009EB61 /* APIService.swift */,
			);
			path = Network;
			sourceTree = "<group>";
		};
		1851ECCE2825555C009A43CB /* CoreDataStack */ = {
			isa = PBXGroup;
			children = (
				A3E448A4282595DC00AD060D /* WeatherCoreData+CoreDataClass.swift */,
				A3E448A5282595DC00AD060D /* WeatherCoreData+CoreDataProperties.swift */,
				1851ECCF2825559A009A43CB /* CoreDataStack.swift */,
				A3348B6E28258BE0003F30A8 /* WeaterApp.xcdatamodeld */,
			);
			path = CoreDataStack;
			sourceTree = "<group>";
		};
/* End PBXGroup section */

/* Begin PBXNativeTarget section */
		1851ECAD282554DA009A43CB /* WeaterApp */ = {
			isa = PBXNativeTarget;
			buildConfigurationList = 1851ECC5282554DF009A43CB /* Build configuration list for PBXNativeTarget "WeaterApp" */;
			buildPhases = (
				1851ECAA282554DA009A43CB /* Sources */,
				1851ECAB282554DA009A43CB /* Frameworks */,
				1851ECAC282554DA009A43CB /* Resources */,
			);
			buildRules = (
			);
			dependencies = (
			);
			name = WeaterApp;
			productName = WeaterApp;
			productReference = 1851ECAE282554DA009A43CB /* WeaterApp.app */;
			productType = "com.apple.product-type.application";
		};
/* End PBXNativeTarget section */

/* Begin PBXProject section */
		1851ECA6282554DA009A43CB /* Project object */ = {
			isa = PBXProject;
			attributes = {
				LastSwiftUpdateCheck = 1160;
				LastUpgradeCheck = 1330;
				ORGANIZATIONNAME = Mohnish;
				TargetAttributes = {
					1851ECAD282554DA009A43CB = {
						CreatedOnToolsVersion = 11.6;
					};
				};
			};
			buildConfigurationList = 1851ECA9282554DA009A43CB /* Build configuration list for PBXProject "WeaterApp" */;
			compatibilityVersion = "Xcode 9.3";
			developmentRegion = en;
			hasScannedForEncodings = 0;
			knownRegions = (
				en,
				Base,
			);
			mainGroup = 1851ECA5282554DA009A43CB;
			productRefGroup = 1851ECAF282554DA009A43CB /* Products */;
			projectDirPath = "";
			projectRoot = "";
			targets = (
				1851ECAD282554DA009A43CB /* WeaterApp */,
			);
		};
/* End PBXProject section */

/* Begin PBXResourcesBuildPhase section */
		1851ECAC282554DA009A43CB /* Resources */ = {
			isa = PBXResourcesBuildPhase;
			buildActionMask = 2147483647;
			files = (
				1851ECC1282554DF009A43CB /* LaunchScreen.storyboard in Resources */,
				1851ECBE282554DF009A43CB /* Assets.xcassets in Resources */,
				1851ECB9282554DB009A43CB /* Main.storyboard in Resources */,
			);
			runOnlyForDeploymentPostprocessing = 0;
		};
/* End PBXResourcesBuildPhase section */

/* Begin PBXSourcesBuildPhase section */
		1851ECAA282554DA009A43CB /* Sources */ = {
			isa = PBXSourcesBuildPhase;
			buildActionMask = 2147483647;
			files = (
				1844F89228255B740009EB61 /* APIRequirement.swift in Sources */,
				A3E448A92825A13C00AD060D /* DetailViewController+TableView.swift in Sources */,
				1851ECB6282554DB009A43CB /* ViewController.swift in Sources */,
				1851ECB2282554DA009A43CB /* AppDelegate.swift in Sources */,
				18DBF9B8282572A1000BA475 /* DetailViewController.swift in Sources */,
				1844F88E28255A880009EB61 /* Constants.swift in Sources */,
				18DBF9B42825686B000BA475 /* WeatherViewModel.swift in Sources */,
				1844F894282560210009EB61 /* APIService.swift in Sources */,
				A3E448A7282595DC00AD060D /* WeatherCoreData+CoreDataProperties.swift in Sources */,
				A3348B7028258BE0003F30A8 /* WeaterApp.xcdatamodeld in Sources */,
				A3E448A6282595DC00AD060D /* WeatherCoreData+CoreDataClass.swift in Sources */,
				1844F89028255B2B0009EB61 /* API.swift in Sources */,
				1851ECD02825559A009A43CB /* CoreDataStack.swift in Sources */,
				18DBF9B628256A23000BA475 /* UIViewControllerExtension.swift in Sources */,
				1844F8962825609A0009EB61 /* WeatherModel.swift in Sources */,
			);
			runOnlyForDeploymentPostprocessing = 0;
		};
/* End PBXSourcesBuildPhase section */

/* Begin PBXVariantGroup section */
		1851ECB7282554DB009A43CB /* Main.storyboard */ = {
			isa = PBXVariantGroup;
			children = (
				1851ECB8282554DB009A43CB /* Base */,
			);
			name = Main.storyboard;
			sourceTree = "<group>";
		};
		1851ECBF282554DF009A43CB /* LaunchScreen.storyboard */ = {
			isa = PBXVariantGroup;
			children = (
				1851ECC0282554DF009A43CB /* Base */,
			);
			name = LaunchScreen.storyboard;
			sourceTree = "<group>";
		};
/* End PBXVariantGroup section */

/* Begin XCBuildConfiguration section */
		1851ECC3282554DF009A43CB /* Debug */ = {
			isa = XCBuildConfiguration;
			buildSettings = {
				ALWAYS_SEARCH_USER_PATHS = NO;
				CLANG_ANALYZER_NONNULL = YES;
				CLANG_ANALYZER_NUMBER_OBJECT_CONVERSION = YES_AGGRESSIVE;
				CLANG_CXX_LANGUAGE_STANDARD = "gnu++14";
				CLANG_CXX_LIBRARY = "libc++";
				CLANG_ENABLE_MODULES = YES;
				CLANG_ENABLE_OBJC_ARC = YES;
				CLANG_ENABLE_OBJC_WEAK = YES;
				CLANG_WARN_BLOCK_CAPTURE_AUTORELEASING = YES;
				CLANG_WARN_BOOL_CONVERSION = YES;
				CLANG_WARN_COMMA = YES;
				CLANG_WARN_CONSTANT_CONVERSION = YES;
				CLANG_WARN_DEPRECATED_OBJC_IMPLEMENTATIONS = YES;
				CLANG_WARN_DIRECT_OBJC_ISA_USAGE = YES_ERROR;
				CLANG_WARN_DOCUMENTATION_COMMENTS = YES;
				CLANG_WARN_EMPTY_BODY = YES;
				CLANG_WARN_ENUM_CONVERSION = YES;
				CLANG_WARN_INFINITE_RECURSION = YES;
				CLANG_WARN_INT_CONVERSION = YES;
				CLANG_WARN_NON_LITERAL_NULL_CONVERSION = YES;
				CLANG_WARN_OBJC_IMPLICIT_RETAIN_SELF = YES;
				CLANG_WARN_OBJC_LITERAL_CONVERSION = YES;
				CLANG_WARN_OBJC_ROOT_CLASS = YES_ERROR;
				CLANG_WARN_QUOTED_INCLUDE_IN_FRAMEWORK_HEADER = YES;
				CLANG_WARN_RANGE_LOOP_ANALYSIS = YES;
				CLANG_WARN_STRICT_PROTOTYPES = YES;
				CLANG_WARN_SUSPICIOUS_MOVE = YES;
				CLANG_WARN_UNGUARDED_AVAILABILITY = YES_AGGRESSIVE;
				CLANG_WARN_UNREACHABLE_CODE = YES;
				CLANG_WARN__DUPLICATE_METHOD_MATCH = YES;
				COPY_PHASE_STRIP = NO;
				DEBUG_INFORMATION_FORMAT = dwarf;
				ENABLE_STRICT_OBJC_MSGSEND = YES;
				ENABLE_TESTABILITY = YES;
				GCC_C_LANGUAGE_STANDARD = gnu11;
				GCC_DYNAMIC_NO_PIC = NO;
				GCC_NO_COMMON_BLOCKS = YES;
				GCC_OPTIMIZATION_LEVEL = 0;
				GCC_PREPROCESSOR_DEFINITIONS = (
					"DEBUG=1",
					"$(inherited)",
				);
				GCC_WARN_64_TO_32_BIT_CONVERSION = YES;
				GCC_WARN_ABOUT_RETURN_TYPE = YES_ERROR;
				GCC_WARN_UNDECLARED_SELECTOR = YES;
				GCC_WARN_UNINITIALIZED_AUTOS = YES_AGGRESSIVE;
				GCC_WARN_UNUSED_FUNCTION = YES;
				GCC_WARN_UNUSED_VARIABLE = YES;
				IPHONEOS_DEPLOYMENT_TARGET = 13.6;
				MTL_ENABLE_DEBUG_INFO = INCLUDE_SOURCE;
				MTL_FAST_MATH = YES;
				ONLY_ACTIVE_ARCH = YES;
				SDKROOT = iphoneos;
				SWIFT_ACTIVE_COMPILATION_CONDITIONS = DEBUG;
				SWIFT_OPTIMIZATION_LEVEL = "-Onone";
			};
			name = Debug;
		};
		1851ECC4282554DF009A43CB /* Release */ = {
			isa = XCBuildConfiguration;
			buildSettings = {
				ALWAYS_SEARCH_USER_PATHS = NO;
				CLANG_ANALYZER_NONNULL = YES;
				CLANG_ANALYZER_NUMBER_OBJECT_CONVERSION = YES_AGGRESSIVE;
				CLANG_CXX_LANGUAGE_STANDARD = "gnu++14";
				CLANG_CXX_LIBRARY = "libc++";
				CLANG_ENABLE_MODULES = YES;
				CLANG_ENABLE_OBJC_ARC = YES;
				CLANG_ENABLE_OBJC_WEAK = YES;
				CLANG_WARN_BLOCK_CAPTURE_AUTORELEASING = YES;
				CLANG_WARN_BOOL_CONVERSION = YES;
				CLANG_WARN_COMMA = YES;
				CLANG_WARN_CONSTANT_CONVERSION = YES;
				CLANG_WARN_DEPRECATED_OBJC_IMPLEMENTATIONS = YES;
				CLANG_WARN_DIRECT_OBJC_ISA_USAGE = YES_ERROR;
				CLANG_WARN_DOCUMENTATION_COMMENTS = YES;
				CLANG_WARN_EMPTY_BODY = YES;
				CLANG_WARN_ENUM_CONVERSION = YES;
				CLANG_WARN_INFINITE_RECURSION = YES;
				CLANG_WARN_INT_CONVERSION = YES;
				CLANG_WARN_NON_LITERAL_NULL_CONVERSION = YES;
				CLANG_WARN_OBJC_IMPLICIT_RETAIN_SELF = YES;
				CLANG_WARN_OBJC_LITERAL_CONVERSION = YES;
				CLANG_WARN_OBJC_ROOT_CLASS = YES_ERROR;
				CLANG_WARN_QUOTED_INCLUDE_IN_FRAMEWORK_HEADER = YES;
				CLANG_WARN_RANGE_LOOP_ANALYSIS = YES;
				CLANG_WARN_STRICT_PROTOTYPES = YES;
				CLANG_WARN_SUSPICIOUS_MOVE = YES;
				CLANG_WARN_UNGUARDED_AVAILABILITY = YES_AGGRESSIVE;
				CLANG_WARN_UNREACHABLE_CODE = YES;
				CLANG_WARN__DUPLICATE_METHOD_MATCH = YES;
				COPY_PHASE_STRIP = NO;
				DEBUG_INFORMATION_FORMAT = "dwarf-with-dsym";
				ENABLE_NS_ASSERTIONS = NO;
				ENABLE_STRICT_OBJC_MSGSEND = YES;
				GCC_C_LANGUAGE_STANDARD = gnu11;
				GCC_NO_COMMON_BLOCKS = YES;
				GCC_WARN_64_TO_32_BIT_CONVERSION = YES;
				GCC_WARN_ABOUT_RETURN_TYPE = YES_ERROR;
				GCC_WARN_UNDECLARED_SELECTOR = YES;
				GCC_WARN_UNINITIALIZED_AUTOS = YES_AGGRESSIVE;
				GCC_WARN_UNUSED_FUNCTION = YES;
				GCC_WARN_UNUSED_VARIABLE = YES;
				IPHONEOS_DEPLOYMENT_TARGET = 13.6;
				MTL_ENABLE_DEBUG_INFO = NO;
				MTL_FAST_MATH = YES;
				SDKROOT = iphoneos;
				SWIFT_COMPILATION_MODE = wholemodule;
				SWIFT_OPTIMIZATION_LEVEL = "-O";
				VALIDATE_PRODUCT = YES;
			};
			name = Release;
		};
		1851ECC6282554DF009A43CB /* Debug */ = {
			isa = XCBuildConfiguration;
			buildSettings = {
				ASSETCATALOG_COMPILER_APPICON_NAME = AppIcon;
				CODE_SIGN_STYLE = Automatic;
				DEVELOPMENT_TEAM = "";
				INFOPLIST_FILE = WeaterApp/Info.plist;
				LD_RUNPATH_SEARCH_PATHS = (
					"$(inherited)",
					"@executable_path/Frameworks",
				);
				PRODUCT_BUNDLE_IDENTIFIER = n.WeaterApp;
				PRODUCT_NAME = "$(TARGET_NAME)";
				SWIFT_VERSION = 5.0;
				TARGETED_DEVICE_FAMILY = 1;
			};
			name = Debug;
		};
		1851ECC7282554DF009A43CB /* Release */ = {
			isa = XCBuildConfiguration;
			buildSettings = {
				ASSETCATALOG_COMPILER_APPICON_NAME = AppIcon;
				CODE_SIGN_STYLE = Automatic;
				DEVELOPMENT_TEAM = ZBQBPDWA3X;
				INFOPLIST_FILE = WeaterApp/Info.plist;
				LD_RUNPATH_SEARCH_PATHS = (
					"$(inherited)",
					"@executable_path/Frameworks",
				);
				PRODUCT_BUNDLE_IDENTIFIER = n.WeaterApp;
				PRODUCT_NAME = "$(TARGET_NAME)";
				SWIFT_VERSION = 5.0;
				TARGETED_DEVICE_FAMILY = 1;
			};
			name = Release;
		};
/* End XCBuildConfiguration section */

/* Begin XCConfigurationList section */
		1851ECA9282554DA009A43CB /* Build configuration list for PBXProject "WeaterApp" */ = {
			isa = XCConfigurationList;
			buildConfigurations = (
				1851ECC3282554DF009A43CB /* Debug */,
				1851ECC4282554DF009A43CB /* Release */,
			);
			defaultConfigurationIsVisible = 0;
			defaultConfigurationName = Release;
		};
		1851ECC5282554DF009A43CB /* Build configuration list for PBXNativeTarget "WeaterApp" */ = {
			isa = XCConfigurationList;
			buildConfigurations = (
				1851ECC6282554DF009A43CB /* Debug */,
				1851ECC7282554DF009A43CB /* Release */,
			);
			defaultConfigurationIsVisible = 0;
			defaultConfigurationName = Release;
		};
/* End XCConfigurationList section */

/* Begin XCVersionGroup section */
		A3348B6E28258BE0003F30A8 /* WeaterApp.xcdatamodeld */ = {
			isa = XCVersionGroup;
			children = (
				A3348B6F28258BE0003F30A8 /* WeaterApp.xcdatamodel */,
			);
			currentVersion = A3348B6F28258BE0003F30A8 /* WeaterApp.xcdatamodel */;
			path = WeaterApp.xcdatamodeld;
			sourceTree = "<group>";
			versionGroupType = wrapper.xcdatamodel;
		};
/* End XCVersionGroup section */
	};
	rootObject = 1851ECA6282554DA009A43CB /* Project object */;
}
